{
  "name": "daybreak-design-concepts",
  "lockfileVersion": 3,
  "requires": true,
  "packages": {
    "": {
      "name": "daybreak-design-concepts",
      "dependencies": {
        "@fontsource/anton": "^5.3.0",
        "@fontsource/archivo": "^5.3.0",
        "@fontsource/archivo-narrow": "^5.3.0",
        "@fontsource/atkinson-hyperlegible": "^5.3.0",
        "@fontsource/barlow": "^5.3.0",
        "@fontsource/barlow-condensed": "^5.3.0",
        "@fontsource/big-shoulders-display": "^5.3.0",
        "@fontsource/bitter": "^5.3.0",
        "@fontsource/bricolage-grotesque": "^5.3.0",
        "@fontsource/cormorant-garamond": "^5.3.0",
        "@fontsource/dm-sans": "^5.3.0",
        "@fontsource/dm-serif-display": "^5.3.0",
        "@fontsource/eb-garamond": "^5.3.0",
        "@fontsource/epilogue": "^5.3.0",
        "@fontsource/fraunces": "^5.3.0",
        "@fontsource/ibm-plex-mono": "^5.3.0",
        "@fontsource/ibm-plex-sans": "^5.3.0",
        "@fontsource/ibm-plex-serif": "^5.3.0",
        "@fontsource/instrument-sans": "^5.3.0",
        "@fontsource/instrument-serif": "^5.3.0",
        "@fontsource/inter": "^5.3.0",
        "@fontsource/jetbrains-mono": "^5.3.0",
        "@fontsource/karla": "^5.3.0",
        "@fontsource/lexend": "^5.3.0",
        "@fontsource/libre-caslon-display": "^5.3.0",
        "@fontsource/libre-caslon-text": "^5.3.0",
        "@fontsource/libre-franklin": "^5.3.0",
        "@fontsource/literata": "^5.3.0",
        "@fontsource/lora": "^5.3.0",
        "@fontsource/manrope": "^5.3.0",
        "@fontsource/newsreader": "^5.3.0",
        "@fontsource/nunito-sans": "^5.3.0",
        "@fontsource/oswald": "^5.3.0",
        "@fontsource/playfair-display": "^5.3.0",
        "@fontsource/public-sans": "^5.3.0",
        "@fontsource/source-sans-3": "^5.3.0",
        "@fontsource/source-serif-4": "^5.3.0",
        "@fontsource/space-grotesk": "^5.3.0",
        "@fontsource/spectral": "^5.3.0",
        "@fontsource/syne": "^5.3.0",
        "@fontsource/work-sans": "^5.3.0",
        "d3-geo": "^3.1.1",
        "topojson-client": "^3.1.0",
        "world-atlas": "^2.0.2"
      }
    },
    "node_modules/@fontsource/anton": {
      "version": "5.3.0",
      "resolved": "https://registry.npmjs.org/@fontsource/anton/-/anton-5.3.0.tgz",
      "integrity": "sha512-OR1D5n124n2XRs66SbX7IjcOSptljEJE8FcDNnlni2y1/M6KpTx7cU2PIWzTSsBj4WFkHPw24On8qw3qkQZuTw==",
      "license": "OFL-1.1",
      "funding": {
        "url": "https://github.com/sponsors/ayuhito"
      }
    },
    "node_modules/@fontsource/archivo": {
      "version": "5.3.0",
      "resolved": "https://registry.npmjs.org/@fontsource/archivo/-/archivo-5.3.0.tgz",
      "integrity": "sha512-5DIMgPVJRi62OqdOVoogCFxP73EkNM/E0YVTSDIQlDEJfDbxqZduwM/YoNZwC9Sx1CDgpKinqf8ckRY1QNIecw==",
      "license": "OFL-1.1",
      "funding": {
        "url": "https://github.com/sponsors/ayuhito"
      }
    },
    "node_modules/@fontsource/archivo-narrow": {
      "version": "5.3.0",
      "resolved": "https://registry.npmjs.org/@fontsource/archivo-narrow/-/archivo-narrow-5.3.0.tgz",
      "integrity": "sha512-fK2Y7PdIP23+t5Dp7gh9n94zxTCdHD6M955aJ8QzR6RvW+5WgmryKySEvaCUAeSLXzA113hyW0BwEHHxHADX7Q==",
      "license": "OFL-1.1",
      "funding": {
        "url": "https://github.com/sponsors/ayuhito"
      }
    },
    "node_modules/@fontsource/atkinson-hyperlegible": {
      "version": "5.3.0",
      "resolved": "https://registry.npmjs.org/@fontsource/atkinson-hyperlegible/-/atkinson-hyperlegible-5.3.0.tgz",
      "integrity": "sha512-Sp8Ve8+rQmENY2Lv02VH7sLpntzTTvnncnJMTbRE7DX6TLxGraN4ykZfzaUWIoCFmaomwkvNiqmlPkrKBuDoSA==",
      "license": "OFL-1.1",
      "funding": {
        "url": "https://github.com/sponsors/ayuhito"
      }
    },
    "node_modules/@fontsource/barlow": {
      "version": "5.3.0",
      "resolved": "https://registry.npmjs.org/@fontsource/barlow/-/barlow-5.3.0.tgz",
      "integrity": "sha512-tGR0y6QObRtKv71MOth44222+mdNFM/ZWFWDV1VLzNbG4oK9PNRlyJzmkck4vHAi9ibHBXgt4SlY51amFP55CA==",
      "license": "OFL-1.1",
      "funding": {
        "url": "https://github.com/sponsors/ayuhito"
      }
    },
    "node_modules/@fontsource/barlow-condensed": {
      "version": "5.3.0",
      "resolved": "https://registry.npmjs.org/@fontsource/barlow-condensed/-/barlow-condensed-5.3.0.tgz",
      "integrity": "sha512-RA7MmIx0v3eQ6Gcf74qLVLOwLB0GpPOzx+eU9iG/AmCnSJGcIWYeU8y6CEMGZ210MGwGg5CZhzLkkvyZdTTk1g==",
      "license": "OFL-1.1",
      "funding": {
        "url": "https://github.com/sponsors/ayuhito"
      }
    },
    "node_modules/@fontsource/big-shoulders-display": {
      "version": "5.3.0",
      "resolved": "https://registry.npmjs.org/@fontsource/big-shoulders-display/-/big-shoulders-display-5.3.0.tgz",
      "integrity": "sha512-d4+Tcsq/WfoKeqWfB6wFdeNDsSYYnilJbSNNpf5w53MlWrGHAc9YvkAjC6id6PgFDiGaFKsXfP0RFAQtpt0bog==",
      "license": "OFL-1.1",
      "funding": {
        "url": "https://github.com/sponsors/ayuhito"
      }
    },
    "node_modules/@fontsource/bitter": {
      "version": "5.3.0",
      "resolved": "https://registry.npmjs.org/@fontsource/bitter/-/bitter-5.3.0.tgz",
      "integrity": "sha512-RYfrDnaja7v6FO8AwknA5aw/BuVgLBJvwLIShkS42XUIxMbvi/yp47Ax/Xnn9OTVIGFiTXCbVsH0O9HhTTDtqA==",
      "license": "OFL-1.1",
      "funding": {
        "url": "https://github.com/sponsors/ayuhito"
      }
    },
    "node_modules/@fontsource/bricolage-grotesque": {
      "version": "5.3.0",
      "resolved": "https://registry.npmjs.org/@fontsource/bricolage-grotesque/-/bricolage-grotesque-5.3.0.tgz",
      "integrity": "sha512-MdOVb/5in11IfN/IQJOExMuu6AroCIQbirl0yX7NUvKk+h0HYIKfGaVAXRS/gCPil4aFxWhjZnOw28tUwv7tFw==",
      "license": "OFL-1.1",
      "funding": {
        "url": "https://github.com/sponsors/ayuhito"
      }
    },
    "node_modules/@fontsource/cormorant-garamond": {
      "version": "5.3.0",
      "resolved": "https://registry.npmjs.org/@fontsource/cormorant-garamond/-/cormorant-garamond-5.3.0.tgz",
      "integrity": "sha512-weuGsCirGVWBWqpt6YUp0yLThTe4G8YO45noq8wxeJCRvEpq5lFrxNMFSTxcyOyV5k5otzJ8guDzYegdYlcLMQ==",
      "license": "OFL-1.1",
      "funding": {
        "url": "https://github.com/sponsors/ayuhito"
      }
    },
    "node_modules/@fontsource/dm-sans": {
      "version": "5.3.0",
      "resolved": "https://registry.npmjs.org/@fontsource/dm-sans/-/dm-sans-5.3.0.tgz",
      "integrity": "sha512-lYJtMXXO28q1z+yz+z8XKd0s4hXaa9QdkETzkyD760sidCv5heI86weYA0sx0Nc4pAMAQTUuyf4gO44cYKKS9g==",
      "license": "OFL-1.1",
      "funding": {
        "url": "https://github.com/sponsors/ayuhito"
      }
    },
    "node_modules/@fontsource/dm-serif-display": {
      "version": "5.3.0",
      "resolved": "https://registry.npmjs.org/@fontsource/dm-serif-display/-/dm-serif-display-5.3.0.tgz",
      "integrity": "sha512-ecRclUcYeto9fB7ghkB36H4MtUoaUYFjjornWYYeLCMHzaWEDPk2kIWgZOq0mKBNRxclRSieKcFeLonlMYDTKg==",
      "license": "OFL-1.1",
      "funding": {
        "url": "https://github.com/sponsors/ayuhito"
      }
    },
    "node_modules/@fontsource/eb-garamond": {
      "version": "5.3.0",
      "resolved": "https://registry.npmjs.org/@fontsource/eb-garamond/-/eb-garamond-5.3.0.tgz",
      "integrity": "sha512-VplwHpB8FLuzl+4G5LDci1b3Z4SghiuXH8XEgaxjnOb5aue5mEt1njmDKeO6iyLeGa73LffU7PC7hzncLRx0ZA==",
      "license": "OFL-1.1",
      "funding": {
        "url": "https://github.com/sponsors/ayuhito"
      }
    },
    "node_modules/@fontsource/epilogue": {
      "version": "5.3.0",
      "resolved": "https://registry.npmjs.org/@fontsource/epilogue/-/epilogue-5.3.0.tgz",
      "integrity": "sha512-rUyuuIOG8BYkcTCxeekoVW0YKg0EsGBO1RGRd2brP2BGSbN8nUo1tc3PzD7QZB0NomTLdA7Dc6wrPsKCZ4m1aw==",
      "license": "OFL-1.1",
      "funding": {
        "url": "https://github.com/sponsors/ayuhito"
      }
    },
    "node_modules/@fontsource/fraunces": {
      "version": "5.3.0",
      "resolved": "https://registry.npmjs.org/@fontsource/fraunces/-/fraunces-5.3.0.tgz",
      "integrity": "sha512-LEHTOBiZufQzAvnAe2rZ8ZknbDS28Q9kzwb0L+gZJEmjLGr8hhZ/5NuHXwDuHBWhVXYoiGGXmrb0H6Ko/RrHTg==",
      "license": "OFL-1.1",
      "funding": {
        "url": "https://github.com/sponsors/ayuhito"
      }
    },
    "node_modules/@fontsource/ibm-plex-mono": {
      "version": "5.3.0",
      "resolved": "https://registry.npmjs.org/@fontsource/ibm-plex-mono/-/ibm-plex-mono-5.3.0.tgz",
      "integrity": "sha512-eTgnZjZEGk1QtD3ZstF+Vclo2HLAni8YMy34/DxllwZvyz1lR/1RF/xTiAquOBO7MvqBx8D2Ig2WCPMVfdZu7Q==",
      "license": "OFL-1.1",
      "funding": {
        "url": "https://github.com/sponsors/ayuhito"
      }
    },
    "node_modules/@fontsource/ibm-plex-sans": {
      "version": "5.3.0",
      "resolved": "https://registry.npmjs.org/@fontsource/ibm-plex-sans/-/ibm-plex-sans-5.3.0.tgz",
      "integrity": "sha512-CbE4CbbEEZJX860XyUiRpsksXIQR8Rp2XDva2VO53NJox9tVNtusrysd2x5YkUEY3ErQ66W1IiiQL8/wihhw5w==",
      "license": "OFL-1.1",
      "funding": {
        "url": "https://github.com/sponsors/ayuhito"
      }
    },
    "node_modules/@fontsource/ibm-plex-serif": {
      "version": "5.3.0",
      "resolved": "https://registry.npmjs.org/@fontsource/ibm-plex-serif/-/ibm-plex-serif-5.3.0.tgz",
      "integrity": "sha512-zwPfHB7EJbS5B8qnitPigJYzNdnt6PUeaoOA1gAAt//1pjpTVZN5sOU14NIAZ+C1xypL6GWsUG2VMYJW9bhJqQ==",
      "license": "OFL-1.1",
      "funding": {
        "url": "https://github.com/sponsors/ayuhito"
      }
    },
    "node_modules/@fontsource/instrument-sans": {
      "version": "5.3.0",
      "resolved": "https://registry.npmjs.org/@fontsource/instrument-sans/-/instrument-sans-5.3.0.tgz",
      "integrity": "sha512-QwXc4hb/px3XvSPS2CPAOgey8nyrQFxgxrmXQQ+pN+P51hKdAcchxpg8rSbjANFfPu6VKXhDqkVDucXMZ9CM5g==",
      "license": "OFL-1.1",
      "funding": {
        "url": "https://github.com/sponsors/ayuhito"
      }
    },
    "node_modules/@fontsource/instrument-serif": {
      "version": "5.3.0",
      "resolved": "https://registry.npmjs.org/@fontsource/instrument-serif/-/instrument-serif-5.3.0.tgz",
      "integrity": "sha512-mDiaIg0u67sYV59fie92Wz4sM8UiVlbL7fLxnFPCKkX15DMASEnQTREbaP5S5/3DCcsoAOcQ0sV9E4AeY4QqYQ==",
      "license": "OFL-1.1",
      "funding": {
        "url": "https://github.com/sponsors/ayuhito"
      }
    },
    "node_modules/@fontsource/inter": {
      "version": "5.3.0",
      "resolved": "https://registry.npmjs.org/@fontsource/inter/-/inter-5.3.0.tgz",
      "integrity": "sha512-RofMylZmjlJEfELXeNHFWBRcSs75rGU/6bV2S2jfnvv/3rPXPGe0LgUJTklcHZ9lM4OZmAVFhcJPnACfb91A3g==",
      "license": "OFL-1.1",
      "funding": {
        "url": "https://github.com/sponsors/ayuhito"
      }
    },
    "node_modules/@fontsource/jetbrains-mono": {
      "version": "5.3.0",
      "resolved": "https://registry.npmjs.org/@fontsource/jetbrains-mono/-/jetbrains-mono-5.3.0.tgz",
      "integrity": "sha512-fqDfB5I9f1p1TV486aUgB9t8zP84P0O1FtQR5Ol9vjwPy+S+EIGlVYm1cvj2W5shcZMTg2nZFdVMoH5wFu8a1A==",
      "license": "OFL-1.1",
      "funding": {
        "url": "https://github.com/sponsors/ayuhito"
      }
    },
    "node_modules/@fontsource/karla": {
      "version": "5.3.0",
      "resolved": "https://registry.npmjs.org/@fontsource/karla/-/karla-5.3.0.tgz",
      "integrity": "sha512-zHBkxMumwFE+K4RgHQAv2xH0O2lAX9y4zPun5JEFZyNQQclZ5Oz/XvByE3CB5+rnxKEV5BXlZShIEfz0VILDmQ==",
      "license": "OFL-1.1",
      "funding": {
        "url": "https://github.com/sponsors/ayuhito"
      }
    },
    "node_modules/@fontsource/lexend": {
      "version": "5.3.0",
      "resolved": "https://registry.npmjs.org/@fontsource/lexend/-/lexend-5.3.0.tgz",
      "integrity": "sha512-4igbsooynC6xwfagkAW6eo9JMrw8ALFGkWn1YChYmYchufMJSPgWihD+cy5ruX5YX/gDk/gllcl1Oj7q6KUZmw==",
      "license": "OFL-1.1",
      "funding": {
        "url": "https://github.com/sponsors/ayuhito"
      }
    },
    "node_modules/@fontsource/libre-caslon-display": {
      "version": "5.3.0",
      "resolved": "https://registry.npmjs.org/@fontsource/libre-caslon-display/-/libre-caslon-display-5.3.0.tgz",
      "integrity": "sha512-WZEyiWTKBoXHWHNfdFQcexxmUOQ22XpSK4ivzczY2AnSt/u8DfmzRpYX6eKwUaFjva5BhSbUUArmouHTDwSEFQ==",
      "license": "OFL-1.1",
      "funding": {
        "url": "https://github.com/sponsors/ayuhito"
      }
    },
    "node_modules/@fontsource/libre-caslon-text": {
      "version": "5.3.0",
      "resolved": "https://registry.npmjs.org/@fontsource/libre-caslon-text/-/libre-caslon-text-5.3.0.tgz",
      "integrity": "sha512-zuGBMEtekNBbeH4YIbL2sUu8BZKFGr1o6b41v/QPnWaEAOgZHSf4ZFdr90YmRbE3uB5G1oAEIIACgwnFRk/F7w==",
      "license": "OFL-1.1",
      "funding": {
        "url": "https://github.com/sponsors/ayuhito"
      }
    },
    "node_modules/@fontsource/libre-franklin": {
      "version": "5.3.0",
      "resolved": "https://registry.npmjs.org/@fontsource/libre-franklin/-/libre-franklin-5.3.0.tgz",
      "integrity": "sha512-owd+HDvD4hnGHG1jO3rHtg0BiNT0DJbZMaSqJ7g4r0646G5Q91MjTFWxZbpwg8njLu4BSH3EBqwkVSMLud6brg==",
      "license": "OFL-1.1",
      "funding": {
        "url": "https://github.com/sponsors/ayuhito"
      }
    },
    "node_modules/@fontsource/literata": {
      "version": "5.3.0",
      "resolved": "https://registry.npmjs.org/@fontsource/literata/-/literata-5.3.0.tgz",
      "integrity": "sha512-9JGMT5+YfBK49thoMq9ASaMRJErHT4V4QuMhAEwKHRLreOsIMP2xP6ZRLhPJ0e6YlET+kjWTJuN7LAxt9/gWGQ==",
      "license": "OFL-1.1",
      "funding": {
        "url": "https://github.com/sponsors/ayuhito"
      }
    },
    "node_modules/@fontsource/lora": {
      "version": "5.3.0",
      "resolved": "https://registry.npmjs.org/@fontsource/lora/-/lora-5.3.0.tgz",
      "integrity": "sha512-OK1g1z01rHVPqO5aw/FOIoDqc46KKYZdgL3NOLkxLWDk6QhDHhdr/h2BV1cke6gTvR1tzpDfdKyUkGsC+sQLeQ==",
      "license": "OFL-1.1",
      "funding": {
        "url": "https://github.com/sponsors/ayuhito"
      }
    },
    "node_modules/@fontsource/manrope": {
      "version": "5.3.0",
      "resolved": "https://registry.npmjs.org/@fontsource/manrope/-/manrope-5.3.0.tgz",
      "integrity": "sha512-obJ1Dv3+uCA6HlHgW8u4BGYxJR9In2HW7gjJhlflEvkrj1X1iSEwu0fToL+JYGC/FEKFfIz1sBuPduvcL2gIAA==",
      "license": "OFL-1.1",
      "funding": {
        "url": "https://github.com/sponsors/ayuhito"
      }
    },
    "node_modules/@fontsource/newsreader": {
      "version": "5.3.0",
      "resolved": "https://registry.npmjs.org/@fontsource/newsreader/-/newsreader-5.3.0.tgz",
      "integrity": "sha512-AFR6ZKY89GNL+9qBI2P2+66NhD5bhOj/v6fsLnFYLM4E0JnMB1yKb+Ro8cA64i1hwAWoBfTq5CHJGWH1toLDkw==",
      "license": "OFL-1.1",
      "funding": {
        "url": "https://github.com/sponsors/ayuhito"
      }
    },
    "node_modules/@fontsource/nunito-sans": {
      "version": "5.3.0",
      "resolved": "https://registry.npmjs.org/@fontsource/nunito-sans/-/nunito-sans-5.3.0.tgz",
      "integrity": "sha512-CctNhebQ2YYJUwVMCAkHexQg7yedfz9s8JzaETALyc9QIQuDFRlNTWXux9H5PsNLgptPkrzRDomAdLJt1sDFpQ==",
      "license": "OFL-1.1",
      "funding": {
        "url": "https://github.com/sponsors/ayuhito"
      }
    },
    "node_modules/@fontsource/oswald": {
      "version": "5.3.0",
      "resolved": "https://registry.npmjs.org/@fontsource/oswald/-/oswald-5.3.0.tgz",
      "integrity": "sha512-16r2aHActe0pH+9FLdk/74/YxXM7HpGak05kAzx3RvSToiJwGvyhv6GvckPz+YuZmvL1nxWbEop2jAXRcXYPRg==",
      "license": "OFL-1.1",
      "funding": {
        "url": "https://github.com/sponsors/ayuhito"
      }
    },
    "node_modules/@fontsource/playfair-display": {
      "version": "5.3.0",
      "resolved": "https://registry.npmjs.org/@fontsource/playfair-display/-/playfair-display-5.3.0.tgz",
      "integrity": "sha512-uJSABalvdWc10fEPppQjQocamT21LEyRfzzWfRfqbkPz+sRv+kKpYDKyluBUskvJREkJTos9epj1WjQROGu99Q==",
      "license": "OFL-1.1",
      "funding": {
        "url": "https://github.com/sponsors/ayuhito"
      }
    },
    "node_modules/@fontsource/public-sans": {
      "version": "5.3.0",
      "resolved": "https://registry.npmjs.org/@fontsource/public-sans/-/public-sans-5.3.0.tgz",
      "integrity": "sha512-kjODI0S3zdv0mBYCIQ8TbBayaiqszpc2UbhJiO3bjIqVVXzcWfHSt2o3WBCLOY3juaGaQoy4MoWCcgmfI5hCuA==",
      "license": "OFL-1.1",
      "funding": {
        "url": "https://github.com/sponsors/ayuhito"
      }
    },
    "node_modules/@fontsource/source-sans-3": {
      "version": "5.3.0",
      "resolved": "https://registry.npmjs.org/@fontsource/source-sans-3/-/source-sans-3-5.3.0.tgz",
      "integrity": "sha512-VrWixSgF93kOVSEkwjs9ImnAbxrBew4PgcnaJYEitG9TyJSwxjFUNJIgzB1XFP/acyAWcTDg7+sWe7JI8LTB9w==",
      "license": "OFL-1.1",
      "funding": {
        "url": "https://github.com/sponsors/ayuhito"
      }
    },
    "node_modules/@fontsource/source-serif-4": {
      "version": "5.3.0",
      "resolved": "https://registry.npmjs.org/@fontsource/source-serif-4/-/source-serif-4-5.3.0.tgz",
      "integrity": "sha512-yQz8xmIgMzks8zQbpuca3UYtjxK798XCyQAGdDXmzBgvV7sdoK6d0YvE9F9kiYxORCEMRBgGZDZsSYcXj5KvwA==",
      "license": "OFL-1.1",
      "funding": {
        "url": "https://github.com/sponsors/ayuhito"
      }
    },
    "node_modules/@fontsource/space-grotesk": {
      "version": "5.3.0",
      "resolved": "https://registry.npmjs.org/@fontsource/space-grotesk/-/space-grotesk-5.3.0.tgz",
      "integrity": "sha512-ksnGizDPXIDuvqcTYTSrmZ+evx9sDlS8rp7+42BQ7wU+spt3twEoXfbJz672C+5CLg6VeUQwRy5RXshWb67LcQ==",
      "license": "OFL-1.1",
      "funding": {
        "url": "https://github.com/sponsors/ayuhito"
      }
    },
    "node_modules/@fontsource/spectral": {
      "version": "5.3.0",
      "resolved": "https://registry.npmjs.org/@fontsource/spectral/-/spectral-5.3.0.tgz",
      "integrity": "sha512-2TL5WWGOZj4SIsBmPFEzKeA60tXXd1Qp1OqaaVEWkJL8IfSGLk6YmiusmC441iFkdJDIuFelu1r8lhCmQUU3mw==",
      "license": "OFL-1.1",
      "funding": {
        "url": "https://github.com/sponsors/ayuhito"
      }
    },
    "node_modules/@fontsource/syne": {
      "version": "5.3.0",
      "resolved": "https://registry.npmjs.org/@fontsource/syne/-/syne-5.3.0.tgz",
      "integrity": "sha512-kRWNVsrdYw+08I4EM1SYPe2JovdTzUI0kMVALVRsKmjRdkrVoun1qddSlDAglz5J9LbgUpJSkWmw6BYnmKdGuw==",
      "license": "OFL-1.1",
      "funding": {
        "url": "https://github.com/sponsors/ayuhito"
      }
    },
    "node_modules/@fontsource/work-sans": {
      "version": "5.3.0",
      "resolved": "https://registry.npmjs.org/@fontsource/work-sans/-/work-sans-5.3.0.tgz",
      "integrity": "sha512-3cKV28+bEiLGdyOl0VgEGCFWE1XdZJu/K+nH4Jt76XC3T//XrRtm2EF7jA61GSMIy8sYp6ZFTE01nD3lLaBV9A==",
      "license": "OFL-1.1",
      "funding": {
        "url": "https://github.com/sponsors/ayuhito"
      }
    },
    "node_modules/commander": {
      "version": "2.20.3",
      "resolved": "https://registry.npmjs.org/commander/-/commander-2.20.3.tgz",
      "integrity": "sha512-GpVkmM8vF2vQUkj2LvZmD35JxeJOLCwJ9cUkugyk2nuhbv3+mJvpLYYt+0+USMxE+oj+ey/lJEnhZw75x/OMcQ==",
      "license": "MIT"
    },
    "node_modules/d3-array": {
      "version": "3.2.4",
      "resolved": "https://registry.npmjs.org/d3-array/-/d3-array-3.2.4.tgz",
      "integrity": "sha512-tdQAmyA18i4J7wprpYq8ClcxZy3SC31QMeByyCFyRt7BVHdREQZ5lpzoe5mFEYZUWe+oq8HBvk9JjpibyEV4Jg==",
      "license": "ISC",
      "dependencies": {
        "internmap": "1 - 2"
      },
      "engines": {
        "node": ">=12"
      }
    },
    "node_modules/d3-geo": {
      "version": "3.1.1",
      "resolved": "https://registry.npmjs.org/d3-geo/-/d3-geo-3.1.1.tgz",
      "integrity": "sha512-637ln3gXKXOwhalDzinUgY83KzNWZRKbYubaG+fGVuc/dxO64RRljtCTnf5ecMyE1RIdtqpkVcq0IbtU2S8j2Q==",
      "license": "ISC",
      "dependencies": {
        "d3-array": "2.5.0 - 3"
      },
      "engines": {
        "node": ">=12"
      }
    },
    "node_modules/internmap": {
      "version": "2.0.3",
      "resolved": "https://registry.npmjs.org/internmap/-/internmap-2.0.3.tgz",
      "integrity": "sha512-5Hh7Y1wQbvY5ooGgPbDaL5iYLAPzMTUrjMulskHLH6wnv/A+1q5rgEaiuqEjB+oxGXIVZs1FF+R/KPN3ZSQYYg==",
      "license": "ISC",
      "engines": {
        "node": ">=12"
      }
    },
    "node_modules/topojson-client": {
      "version": "3.1.0",
      "resolved": "https://registry.npmjs.org/topojson-client/-/topojson-client-3.1.0.tgz",
      "integrity": "sha512-605uxS6bcYxGXw9qi62XyrV6Q3xwbndjachmNxu8HWTtVPxZfEJN9fd/SZS1Q54Sn2y0TMyMxFj/cJINqGHrKw==",
      "license": "ISC",
      "dependencies": {
        "commander": "2"
      },
      "bin": {
        "topo2geo": "bin/topo2geo",
        "topomerge": "bin/topomerge",
        "topoquantize": "bin/topoquantize"
      }
    },
    "node_modules/world-atlas": {
      "version": "2.0.2",
      "resolved": "https://registry.npmjs.org/world-atlas/-/world-atlas-2.0.2.tgz",
      "integrity": "sha512-IXfV0qwlKXpckz1FhwXVwKRjiIhOnWttOskm5CtxMsjgE/MXAYRHWJqgXOpM8IkcPBoXnyTU5lFHcYa5ChG0LQ==",
      "license": "ISC"
    }
  }
}
